// !$*UTF8*$!
{
	archiveVersion = 1;
	classes = {
	};
	objectVersion = 46;
	objects = {

/* Begin PBXBuildFile section */
		41295DEE1B21DB3B005A4A4F /* AppDelegate.swift in Sources */ = {isa = PBXBuildFile; fileRef = 41295DED1B21DB3B005A4A4F /* AppDelegate.swift */; };
		41295DF01B21DB3B005A4A4F /* ViewController.swift in Sources */ = {isa = PBXBuildFile; fileRef = 41295DEF1B21DB3B005A4A4F /* ViewController.swift */; };
		41295DF31B21DB3B005A4A4F /* Main.storyboard in Resources */ = {isa = PBXBuildFile; fileRef = 41295DF11B21DB3B005A4A4F /* Main.storyboard */; };
		41295DF51B21DB3B005A4A4F /* Images.xcassets in Resources */ = {isa = PBXBuildFile; fileRef = 41295DF41B21DB3B005A4A4F /* Images.xcassets */; };
		41295DF81B21DB3B005A4A4F /* LaunchScreen.xib in Resources */ = {isa = PBXBuildFile; fileRef = 41295DF61B21DB3B005A4A4F /* LaunchScreen.xib */; };
		41295E041B21DB3B005A4A4F /* TableViewDemoTests.swift in Sources */ = {isa = PBXBuildFile; fileRef = 41295E031B21DB3B005A4A4F /* TableViewDemoTests.swift */; };
/* End PBXBuildFile section */

/* Begin PBXContainerItemProxy section */
		41295DFE1B21DB3B005A4A4F /* PBXContainerItemProxy */ = {
			isa = PBXContainerItemProxy;
			containerPortal = 41295DE01B21DB3B005A4A4F /* Project object */;
			proxyType = 1;
			remoteGlobalIDString = 41295DE71B21DB3B005A4A4F;
			remoteInfo = TableViewDemo;
		};
/* End PBXContainerItemProxy section */

/* Begin PBXFileReference section */
		41295DE81B21DB3B005A4A4F /* TableViewDemo.app */ = {isa = PBXFileReference; explicitFileType = wrapper.application; includeInIndex = 0; path = TableViewDemo.app; sourceTree = BUILT_PRODUCTS_DIR; };
		41295DEC1B21DB3B005A4A4F /* Info.plist */ = {isa = PBXFileReference; lastKnownFileType = text.plist.xml; path = Info.plist; sourceTree = "<group>"; };
		41295DED1B21DB3B005A4A4F /* AppDelegate.swift */ = {isa = PBXFileReference; lastKnownFileType = sourcecode.swift; path = AppDelegate.swift; sourceTree = "<group>"; };
		41295DEF1B21DB3B005A4A4F /* ViewController.swift */ = {isa = PBXFileReference; lastKnownFileType = sourcecode.swift; path = ViewController.swift; sourceTree = "<group>"; };
		41295DF21B21DB3B005A4A4F /* Base */ = {isa = PBXFileReference; lastKnownFileType = file.storyboard; name = Base; path = Base.lproj/Main.storyboard; sourceTree = "<group>"; };
		41295DF41B21DB3B005A4A4F /* Images.xcassets */ = {isa = PBXFileReference; lastKnownFileType = folder.assetcatalog; path = Images.xcassets; sourceTree = "<group>"; };
		41295DF71B21DB3B005A4A4F /* Base */ = {isa = PBXFileReference; lastKnownFileType = file.xib; name = Base; path = Base.lproj/LaunchScreen.xib; sourceTree = "<group>"; };
		41295DFD1B21DB3B005A4A4F /* TableViewDemoTests.xctest */ = {isa = PBXFileReference; explicitFileType = wrapper.cfbundle; includeInIndex = 0; path = TableViewDemoTests.xctest; sourceTree = BUILT_PRODUCTS_DIR; };
		41295E021B21DB3B005A4A4F /* Info.plist */ = {isa = PBXFileReference; lastKnownFileType = text.plist.xml; path = Info.plist; sourceTree = "<group>"; };
		41295E031B21DB3B005A4A4F /* TableViewDemoTests.swift */ = {isa = PBXFileReference; lastKnownFileType = sourcecode.swift; path = TableViewDemoTests.swift; sourceTree = "<group>"; };
/* End PBXFileReference section */

/* Begin PBXFrameworksBuildPhase section */
		41295DE51B21DB3B005A4A4F /* Frameworks */ = {
			isa = PBXFrameworksBuildPhase;
			buildActionMask = 2147483647;
			files = (
			);
			runOnlyForDeploymentPostprocessing = 0;
		};
		41295DFA1B21DB3B005A4A4F /* Frameworks */ = {
			isa = PBXFrameworksBuildPhase;
			buildActionMask = 2147483647;
			files = (
			);
			runOnlyForDeploymentPostprocessing = 0;
		};
/* End PBXFrameworksBuildPhase section */

/* Begin PBXGroup section */
		41295DDF1B21DB3B005A4A4F = {
			isa = PBXGroup;
			children = (
				41295DEA1B21DB3B005A4A4F /* TableViewDemo */,
				41295E001B21DB3B005A4A4F /* TableViewDemoTests */,
				41295DE91B21DB3B005A4A4F /* Products */,
			);
			sourceTree = "<group>";
		};
		41295DE91B21DB3B005A4A4F /* Products */ = {
			isa = PBXGroup;
			children = (
				41295DE81B21DB3B005A4A4F /* TableViewDemo.app */,
				41295DFD1B21DB3B005A4A4F /* TableViewDemoTests.xctest */,
			);
			name = Products;
			sourceTree = "<group>";
		};
		41295DEA1B21DB3B005A4A4F /* TableViewDemo */ = {
			isa = PBXGroup;
			children = (
				41295DED1B21DB3B005A4A4F /* AppDelegate.swift */,
				41295DEF1B21DB3B005A4A4F /* ViewController.swift */,
				41295DF11B21DB3B005A4A4F /* Main.storyboard */,
				41295DF41B21DB3B005A4A4F /* Images.xcassets */,
				41295DF61B21DB3B005A4A4F /* LaunchScreen.xib */,
				41295DEB1B21DB3B005A4A4F /* Supporting Files */,
			);
			path = TableViewDemo;
			sourceTree = "<group>";
		};
		41295DEB1B21DB3B005A4A4F /* Supporting Files */ = {
			isa = PBXGroup;
			children = (
				41295DEC1B21DB3B005A4A4F /* Info.plist */,
			);
			name = "Supporting Files";
			sourceTree = "<group>";
		};
		41295E001B21DB3B005A4A4F /* TableViewDemoTests */ = {
			isa = PBXGroup;
			children = (
				41295E031B21DB3B005A4A4F /* TableViewDemoTests.swift */,
				41295E011B21DB3B005A4A4F /* Supporting Files */,
			);
			path = TableViewDemoTests;
			sourceTree = "<group>";
		};
		41295E011B21DB3B005A4A4F /* Supporting Files */ = {
			isa = PBXGroup;
			children = (
				41295E021B21DB3B005A4A4F /* Info.plist */,
			);
			name = "Supporting Files";
			sourceTree = "<group>";
		};
/* End PBXGroup section */

/* Begin PBXNativeTarget section */
		41295DE71B21DB3B005A4A4F /* TableViewDemo */ = {
			isa = PBXNativeTarget;
			buildConfigurationList = 41295E071B21DB3B005A4A4F /* Build configuration list for PBXNativeTarget "TableViewDemo" */;
			buildPhases = (
				41295DE41B21DB3B005A4A4F /* Sources */,
				41295DE51B21DB3B005A4A4F /* Frameworks */,
				41295DE61B21DB3B005A4A4F /* Resources */,
			);
			buildRules = (
			);
			dependencies = (
			);
			name = TableViewDemo;
			productName = TableViewDemo;
			productReference = 41295DE81B21DB3B005A4A4F /* TableViewDemo.app */;
			productType = "com.apple.product-type.application";
		};
		41295DFC1B21DB3B005A4A4F /* TableViewDemoTests */ = {
			isa = PBXNativeTarget;
			buildConfigurationList = 41295E0A1B21DB3B005A4A4F /* Build configuration list for PBXNativeTarget "TableViewDemoTests" */;
			buildPhases = (
				41295DF91B21DB3B005A4A4F /* Sources */,
				41295DFA1B21DB3B005A4A4F /* Frameworks */,
				41295DFB1B21DB3B005A4A4F /* Resources */,
			);
			buildRules = (
			);
			dependencies = (
				41295DFF1B21DB3B005A4A4F /* PBXTargetDependency */,
			);
			name = TableViewDemoTests;
			productName = TableViewDemoTests;
			productReference = 41295DFD1B21DB3B005A4A4F /* TableViewDemoTests.xctest */;
			productType = "com.apple.product-type.bundle.unit-test";
		};
/* End PBXNativeTarget section */

/* Begin PBXProject section */
		41295DE01B21DB3B005A4A4F /* Project object */ = {
			isa = PBXProject;
			attributes = {
				LastUpgradeCheck = 0630;
				ORGANIZATIONNAME = Goalsr;
				TargetAttributes = {
					41295DE71B21DB3B005A4A4F = {
						CreatedOnToolsVersion = 6.3.2;
					};
					41295DFC1B21DB3B005A4A4F = {
						CreatedOnToolsVersion = 6.3.2;
						TestTargetID = 41295DE71B21DB3B005A4A4F;
					};
				};
			};
			buildConfigurationList = 41295DE31B21DB3B005A4A4F /* Build configuration list for PBXProject "TableViewDemo" */;
			compatibilityVersion = "Xcode 3.2";
			developmentRegion = English;
			hasScannedForEncodings = 0;
			knownRegions = (
				en,
				Base,
			);
			mainGroup = 41295DDF1B21DB3B005A4A4F;
			productRefGroup = 41295DE91B21DB3B005A4A4F /* Products */;
			projectDirPath = "";
			projectRoot = "";
			targets = (
				41295DE71B21DB3B005A4A4F /* TableViewDemo */,
				41295DFC1B21DB3B005A4A4F /* TableViewDemoTests */,
			);
		};
/* End PBXProject section */

/* Begin PBXResourcesBuildPhase section */
		41295DE61B21DB3B005A4A4F /* Resources */ = {
			isa = PBXResourcesBuildPhase;
			buildActionMask = 2147483647;
			files = (
				41295DF31B21DB3B005A4A4F /* Main.storyboard in Resources */,
				41295DF81B21DB3B005A4A4F /* LaunchScreen.xib in Resources */,
				41295DF51B21DB3B005A4A4F /* Images.xcassets in Resources */,
			);
			runOnlyForDeploymentPostprocessing = 0;
		};
		41295DFB1B21DB3B005A4A4F /* Resources */ = {
			isa = PBXResourcesBuildPhase;
			buildActionMask = 2147483647;
			files = (
			);
			runOnlyForDeploymentPostprocessing = 0;
		};
/* End PBXResourcesBuildPhase section */

/* Begin PBXSourcesBuildPhase section */
		41295DE41B21DB3B005A4A4F /* Sources */ = {
			isa = PBXSourcesBuildPhase;
			buildActionMask = 2147483647;
			files = (
				41295DF01B21DB3B005A4A4F /* ViewController.swift in Sources */,
				41295DEE1B21DB3B005A4A4F /* AppDelegate.swift in Sources */,
			);
			runOnlyForDeploymentPostprocessing = 0;
		};
		41295DF91B21DB3B005A4A4F /* Sources */ = {
			isa = PBXSourcesBuildPhase;
			buildActionMask = 2147483647;
			files = (
				41295E041B21DB3B005A4A4F /* TableViewDemoTests.swift in Sources */,
			);
			runOnlyForDeploymentPostprocessing = 0;
		};
/* End PBXSourcesBuildPhase section */

/* Begin PBXTargetDependency section */
		41295DFF1B21DB3B005A4A4F /* PBXTargetDependency */ = {
			isa = PBXTargetDependency;
			target = 41295DE71B21DB3B005A4A4F /* TableViewDemo */;
			targetProxy = 41295DFE1B21DB3B005A4A4F /* PBXContainerItemProxy */;
		};
/* End PBXTargetDependency section */

/* Begin PBXVariantGroup section */
		41295DF11B21DB3B005A4A4F /* Main.storyboard */ = {
			isa = PBXVariantGroup;
			children = (
				41295DF21B21DB3B005A4A4F /* Base */,
			);
			name = Main.storyboard;
			sourceTree = "<group>";
		};
		41295DF61B21DB3B005A4A4F /* LaunchScreen.xib */ = {
			isa = PBXVariantGroup;
			children = (
				41295DF71B21DB3B005A4A4F /* Base */,
			);
			name = LaunchScreen.xib;
			sourceTree = "<group>";
		};
/* End PBXVariantGroup section */

/* Begin XCBuildConfiguration section */
		41295E051B21DB3B005A4A4F /* Debug */ = {
			isa = XCBuildConfiguration;
			buildSettings = {
				ALWAYS_SEARCH_USER_PATHS = NO;
				CLANG_CXX_LANGUAGE_STANDARD = "gnu++0x";
				CLANG_CXX_LIBRARY = "libc++";
				CLANG_ENABLE_MODULES = YES;
				CLANG_ENABLE_OBJC_ARC = YES;
				CLANG_WARN_BOOL_CONVERSION = YES;
				CLANG_WARN_CONSTANT_CONVERSION = YES;
				CLANG_WARN_DIRECT_OBJC_ISA_USAGE = YES_ERROR;
				CLANG_WARN_EMPTY_BODY = YES;
				CLANG_WARN_ENUM_CONVERSION = YES;
				CLANG_WARN_INT_CONVERSION = YES;
				CLANG_WARN_OBJC_ROOT_CLASS = YES_ERROR;
				CLANG_WARN_UNREACHABLE_CODE = YES;
				CLANG_WARN__DUPLICATE_METHOD_MATCH = YES;
				"CODE_SIGN_IDENTITY[sdk=iphoneos*]" = "iPhone Developer";
				COPY_PHASE_STRIP = NO;
				DEBUG_INFORMATION_FORMAT = "dwarf-with-dsym";
				ENABLE_STRICT_OBJC_MSGSEND = YES;
				GCC_C_LANGUAGE_STANDARD = gnu99;
				GCC_DYNAMIC_NO_PIC = NO;
				GCC_NO_COMMON_BLOCKS = YES;
				GCC_OPTIMIZATION_LEVEL = 0;
				GCC_PREPROCESSOR_DEFINITIONS = (
					"DEBUG=1",
					"$(inherited)",
				);
				GCC_SYMBOLS_PRIVATE_EXTERN = NO;
				GCC_WARN_64_TO_32_BIT_CONVERSION = YES;
				GCC_WARN_ABOUT_RETURN_TYPE = YES_ERROR;
				GCC_WARN_UNDECLARED_SELECTOR = YES;
				GCC_WARN_UNINITIALIZED_AUTOS = YES_AGGRESSIVE;
				GCC_WARN_UNUSED_FUNCTION = YES;
				GCC_WARN_UNUSED_VARIABLE = YES;
				IPHONEOS_DEPLOYMENT_TARGET = 8.3;
				MTL_ENABLE_DEBUG_INFO = YES;
				ONLY_ACTIVE_ARCH = YES;
				SDKROOT = iphoneos;
				SWIFT_OPTIMIZATION_LEVEL = "-Onone";
				TARGETED_DEVICE_FAMILY = "1,2";
			};
			name = Debug;
		};
		41295E061B21DB3B005A4A4F /* Release */ = {
			isa = XCBuildConfiguration;
			buildSettings = {
				ALWAYS_SEARCH_USER_PATHS = NO;
				CLANG_CXX_LANGUAGE_STANDARD = "gnu++0x";
				CLANG_CXX_LIBRARY = "libc++";
				CLANG_ENABLE_MODULES = YES;
				CLANG_ENABLE_OBJC_ARC = YES;
				CLANG_WARN_BOOL_CONVERSION = YES;
				CLANG_WARN_CONSTANT_CONVERSION = YES;
				CLANG_WARN_DIRECT_OBJC_ISA_USAGE = YES_ERROR;
				CLANG_WARN_EMPTY_BODY = YES;
				CLANG_WARN_ENUM_CONVERSION = YES;
				CLANG_WARN_INT_CONVERSION = YES;
				CLANG_WARN_OBJC_ROOT_CLASS = YES_ERROR;
				CLANG_WARN_UNREACHABLE_CODE = YES;
				CLANG_WARN__DUPLICATE_METHOD_MATCH = YES;
				"CODE_SIGN_IDENTITY[sdk=iphoneos*]" = "iPhone Developer";
				COPY_PHASE_STRIP = NO;
				DEBUG_INFORMATION_FORMAT = "dwarf-with-dsym";
				ENABLE_NS_ASSERTIONS = NO;
				ENABLE_STRICT_OBJC_MSGSEND = YES;
				GCC_C_LANGUAGE_STANDARD = gnu99;
				GCC_NO_COMMON_BLOCKS = YES;
				GCC_WARN_64_TO_32_BIT_CONVERSION = YES;
				GCC_WARN_ABOUT_RETURN_TYPE = YES_ERROR;
				GCC_WARN_UNDECLARED_SELECTOR = YES;
				GCC_WARN_UNINITIALIZED_AUTOS = YES_AGGRESSIVE;
				GCC_WARN_UNUSED_FUNCTION = YES;
				GCC_WARN_UNUSED_VARIABLE = YES;
				IPHONEOS_DEPLOYMENT_TARGET = 8.3;
				MTL_ENABLE_DEBUG_INFO = NO;
				SDKROOT = iphoneos;
				TARGETED_DEVICE_FAMILY = "1,2";
				VALIDATE_PRODUCT = YES;
			};
			name = Release;
		};
		41295E081B21DB3B005A4A4F /* Debug */ = {
			isa = XCBuildConfiguration;
			buildSettings = {
				ASSETCATALOG_COMPILER_APPICON_NAME = AppIcon;
				INFOPLIST_FILE = TableViewDemo/Info.plist;
				LD_RUNPATH_SEARCH_PATHS = "$(inherited) @executable_path/Frameworks";
				PRODUCT_NAME = "$(TARGET_NAME)";
			};
			name = Debug;
		};
		41295E091B21DB3B005A4A4F /* Release */ = {
			isa = XCBuildConfiguration;
			buildSettings = {
				ASSETCATALOG_COMPILER_APPICON_NAME = AppIcon;
				INFOPLIST_FILE = TableViewDemo/Info.plist;
				LD_RUNPATH_SEARCH_PATHS = "$(inherited) @executable_path/Frameworks";
				PRODUCT_NAME = "$(TARGET_NAME)";
			};
			name = Release;
		};
		41295E0B1B21DB3B005A4A4F /* Debug */ = {
			isa = XCBuildConfiguration;
			buildSettings = {
				BUNDLE_LOADER = "$(TEST_HOST)";
				FRAMEWORK_SEARCH_PATHS = (
					"$(SDKROOT)/Developer/Library/Frameworks",
					"$(inherited)",
				);
				GCC_PREPROCESSOR_DEFINITIONS = (
					"DEBUG=1",
					"$(inherited)",
				);
				INFOPLIST_FILE = TableViewDemoTests/Info.plist;
				LD_RUNPATH_SEARCH_PATHS = "$(inherited) @executable_path/Frameworks @loader_path/Frameworks";
				PRODUCT_NAME = "$(TARGET_NAME)";
				TEST_HOST = "$(BUILT_PRODUCTS_DIR)/TableViewDemo.app/TableViewDemo";
			};
			name = Debug;
		};
		41295E0C1B21DB3B005A4A4F /* Release */ = {
			isa = XCBuildConfiguration;
			buildSettings = {
				BUNDLE_LOADER = "$(TEST_HOST)";
				FRAMEWORK_SEARCH_PATHS = (
					"$(SDKROOT)/Developer/Library/Frameworks",
					"$(inherited)",
				);
				INFOPLIST_FILE = TableViewDemoTests/Info.plist;
				LD_RUNPATH_SEARCH_PATHS = "$(inherited) @executable_path/Frameworks @loader_path/Frameworks";
				PRODUCT_NAME = "$(TARGET_NAME)";
				TEST_HOST = "$(BUILT_PRODUCTS_DIR)/TableViewDemo.app/TableViewDemo";
			};
			name = Release;
		};
/* End XCBuildConfiguration section */

/* Begin XCConfigurationList section */
		41295DE31B21DB3B005A4A4F /* Build configuration list for PBXProject "TableViewDemo" */ = {
			isa = XCConfigurationList;
			buildConfigurations = (
				41295E051B21DB3B005A4A4F /* Debug */,
				41295E061B21DB3B005A4A4F /* Release */,
			);
			defaultConfigurationIsVisible = 0;
			defaultConfigurationName = Release;
		};
		41295E071B21DB3B005A4A4F /* Build configuration list for PBXNativeTarget "TableViewDemo" */ = {
			isa = XCConfigurationList;
			buildConfigurations = (
				41295E081B21DB3B005A4A4F /* Debug */,
				41295E091B21DB3B005A4A4F /* Release */,
			);
			defaultConfigurationIsVisible = 0;
		};
		41295E0A1B21DB3B005A4A4F /* Build configuration list for PBXNativeTarget "TableViewDemoTests" */ = {
			isa = XCConfigurationList;
			buildConfigurations = (
				41295E0B1B21DB3B005A4A4F /* Debug */,
				41295E0C1B21DB3B005A4A4F /* Release */,
			);
			defaultConfigurationIsVisible = 0;
		};
/* End XCConfigurationList section */
	};
	rootObject = 41295DE01B21DB3B005A4A4F /* Project object */;
}
